
Microsoft Visual Studio Solution File, Format Version 12.00
# Visual Studio Version 17
VisualStudioVersion = 17.3.32901.215
MinimumVisualStudioVersion = 10.0.40219.1
Project("{8BC9CEB8-8B4A-11D0-8D11-00A0C91BC942}") = "primo progetto cg", "primo progetto cg\primo progetto cg.vcxproj", "{9AFC4751-20FF-43DA-9A25-8F2FDD906796}"
EndProject
Global
	GlobalSection(SolutionConfigurationPlatforms) = preSolution
		Debug|x64 = Debug|x64
		Debug|x86 = Debug|x86
		Release|x64 = Release|x64
		Release|x86 = Release|x86
	EndGlobalSection
	GlobalSection(ProjectConfigurationPlatforms) = postSolution
		{9AFC4751-20FF-43DA-9A25-8F2FDD906796}.Debug|x64.ActiveCfg = Debug|x64
		{9AFC4751-20FF-43DA-9A25-8F2FDD906796}.Debug|x64.Build.0 = Debug|x64
		{9AFC4751-20FF-43DA-9A25-8F2FDD906796}.Debug|x86.ActiveCfg = Debug|Win32
		{9AFC4751-20FF-43DA-9A25-8F2FDD906796}.Debug|x86.Build.0 = Debug|Win32
		{9AFC4751-20FF-43DA-9A25-8F2FDD906796}.Release|x64.ActiveCfg = Release|x64
		{9AFC4751-20FF-43DA-9A25-8F2FDD906796}.Release|x64.Build.0 = Release|x64
		{9AFC4751-20FF-43DA-9A25-8F2FDD906796}.Release|x86.ActiveCfg = Release|Win32
		{9AFC4751-20FF-43DA-9A25-8F2FDD906796}.Release|x86.Build.0 = Release|Win32
	EndGlobalSection
	GlobalSection(SolutionProperties) = preSolution
		HideSolutionNode = FALSE
	EndGlobalSection
	GlobalSection(ExtensibilityGlobals) = postSolution
		SolutionGuid = {01C387C1-C996-4555-A681-469BC01318AB}
	EndGlobalSection
EndGlobal
